
Microsoft Visual Studio Solution File, Format Version 12.00
# Visual Studio Version 16
VisualStudioVersion = 16.0.30611.23
MinimumVisualStudioVersion = 10.0.40219.1
Project("{FAE04EC0-301F-11D3-BF4B-00C04F79EFBC}") = "App10.UWP", "App10.UWP\App10.UWP.csproj", "{6710C816-3A91-4D2A-B71B-458DD12E3A2E}"
EndProject
Project("{FAE04EC0-301F-11D3-BF4B-00C04F79EFBC}") = "App10.Android", "App10.Android\App10.Android.csproj", "{01D58023-13AA-4DB2-A890-643C7C6A2178}"
EndProject
Project("{FAE04EC0-301F-11D3-BF4B-00C04F79EFBC}") = "App10.iOS", "App10.iOS\App10.iOS.csproj", "{56E93C08-7603-4511-95AA-370E175655F0}"
EndProject
Project("{9A19103F-16F7-4668-BE54-9A1E7A4F7556}") = "App10", "App10\App10.csproj", "{0BF4E79A-F65F-4170-8587-C6FA464A9859}"
EndProject
Project("{2150E333-8FDC-42A3-9474-1A3956D46DE8}") = "Solution Items", "Solution Items", "{AE6CD6DC-E719-4B55-9BA5-A40B777296C9}"
EndProject
Global
	GlobalSection(SolutionConfigurationPlatforms) = preSolution
		Debug|Any CPU = Debug|Any CPU
		Debug|ARM = Debug|ARM
		Debug|iPhone = Debug|iPhone
		Debug|iPhoneSimulator = Debug|iPhoneSimulator
		Debug|x64 = Debug|x64
		Debug|x86 = Debug|x86
		Release|Any CPU = Release|Any CPU
		Release|ARM = Release|ARM
		Release|iPhone = Release|iPhone
		Release|iPhoneSimulator = Release|iPhoneSimulator
		Release|x64 = Release|x64
		Release|x86 = Release|x86
	EndGlobalSection
	GlobalSection(ProjectConfigurationPlatforms) = postSolution
		{6710C816-3A91-4D2A-B71B-458DD12E3A2E}.Debug|Any CPU.ActiveCfg = Debug|x86
		{6710C816-3A91-4D2A-B71B-458DD12E3A2E}.Debug|Any CPU.Build.0 = Debug|x86
		{6710C816-3A91-4D2A-B71B-458DD12E3A2E}.Debug|Any CPU.Deploy.0 = Debug|x86
		{6710C816-3A91-4D2A-B71B-458DD12E3A2E}.Debug|ARM.ActiveCfg = Debug|ARM
		{6710C816-3A91-4D2A-B71B-458DD12E3A2E}.Debug|ARM.Build.0 = Debug|ARM
		{6710C816-3A91-4D2A-B71B-458DD12E3A2E}.Debug|ARM.Deploy.0 = Debug|ARM
		{6710C816-3A91-4D2A-B71B-458DD12E3A2E}.Debug|iPhone.ActiveCfg = Debug|x86
		{6710C816-3A91-4D2A-B71B-458DD12E3A2E}.Debug|iPhone.Build.0 = Debug|x86
		{6710C816-3A91-4D2A-B71B-458DD12E3A2E}.Debug|iPhone.Deploy.0 = Debug|x86
		{6710C816-3A91-4D2A-B71B-458DD12E3A2E}.Debug|iPhoneSimulator.ActiveCfg = Debug|x86
		{6710C816-3A91-4D2A-B71B-458DD12E3A2E}.Debug|iPhoneSimulator.Build.0 = Debug|x86
		{6710C816-3A91-4D2A-B71B-458DD12E3A2E}.Debug|iPhoneSimulator.Deploy.0 = Debug|x86
		{6710C816-3A91-4D2A-B71B-458DD12E3A2E}.Debug|x64.ActiveCfg = Debug|x64
		{6710C816-3A91-4D2A-B71B-458DD12E3A2E}.Debug|x64.Build.0 = Debug|x64
		{6710C816-3A91-4D2A-B71B-458DD12E3A2E}.Debug|x64.Deploy.0 = Debug|x64
		{6710C816-3A91-4D2A-B71B-458DD12E3A2E}.Debug|x86.ActiveCfg = Debug|x86
		{6710C816-3A91-4D2A-B71B-458DD12E3A2E}.Debug|x86.Build.0 = Debug|x86
		{6710C816-3A91-4D2A-B71B-458DD12E3A2E}.Debug|x86.Deploy.0 = Debug|x86
		{6710C816-3A91-4D2A-B71B-458DD12E3A2E}.Release|Any CPU.ActiveCfg = Release|x86
		{6710C816-3A91-4D2A-B71B-458DD12E3A2E}.Release|Any CPU.Build.0 = Release|x86
		{6710C816-3A91-4D2A-B71B-458DD12E3A2E}.Release|Any CPU.Deploy.0 = Release|x86
		{6710C816-3A91-4D2A-B71B-458DD12E3A2E}.Release|ARM.ActiveCfg = Release|ARM
		{6710C816-3A91-4D2A-B71B-458DD12E3A2E}.Release|ARM.Build.0 = Release|ARM
		{6710C816-3A91-4D2A-B71B-458DD12E3A2E}.Release|ARM.Deploy.0 = Release|ARM
		{6710C816-3A91-4D2A-B71B-458DD12E3A2E}.Release|iPhone.ActiveCfg = Release|x86
		{6710C816-3A91-4D2A-B71B-458DD12E3A2E}.Release|iPhone.Build.0 = Release|x86
		{6710C816-3A91-4D2A-B71B-458DD12E3A2E}.Release|iPhone.Deploy.0 = Release|x86
		{6710C816-3A91-4D2A-B71B-458DD12E3A2E}.Release|iPhoneSimulator.ActiveCfg = Release|x86
		{6710C816-3A91-4D2A-B71B-458DD12E3A2E}.Release|iPhoneSimulator.Build.0 = Release|x86
		{6710C816-3A91-4D2A-B71B-458DD12E3A2E}.Release|iPhoneSimulator.Deploy.0 = Release|x86
		{6710C816-3A91-4D2A-B71B-458DD12E3A2E}.Release|x64.ActiveCfg = Release|x64
		{6710C816-3A91-4D2A-B71B-458DD12E3A2E}.Release|x64.Build.0 = Release|x64
		{6710C816-3A91-4D2A-B71B-458DD12E3A2E}.Release|x64.Deploy.0 = Release|x64
		{6710C816-3A91-4D2A-B71B-458DD12E3A2E}.Release|x86.ActiveCfg = Release|x86
		{6710C816-3A91-4D2A-B71B-458DD12E3A2E}.Release|x86.Build.0 = Release|x86
		{6710C816-3A91-4D2A-B71B-458DD12E3A2E}.Release|x86.Deploy.0 = Release|x86
		{01D58023-13AA-4DB2-A890-643C7C6A2178}.Debug|Any CPU.ActiveCfg = Debug|Any CPU
		{01D58023-13AA-4DB2-A890-643C7C6A2178}.Debug|Any CPU.Build.0 = Debug|Any CPU
		{01D58023-13AA-4DB2-A890-643C7C6A2178}.Debug|Any CPU.Deploy.0 = Debug|Any CPU
		{01D58023-13AA-4DB2-A890-643C7C6A2178}.Debug|ARM.ActiveCfg = Debug|Any CPU
		{01D58023-13AA-4DB2-A890-643C7C6A2178}.Debug|ARM.Build.0 = Debug|Any CPU
		{01D58023-13AA-4DB2-A890-643C7C6A2178}.Debug|ARM.Deploy.0 = Debug|Any CPU
		{01D58023-13AA-4DB2-A890-643C7C6A2178}.Debug|iPhone.ActiveCfg = Debug|Any CPU
		{01D58023-13AA-4DB2-A890-643C7C6A2178}.Debug|iPhone.Build.0 = Debug|Any CPU
		{01D58023-13AA-4DB2-A890-643C7C6A2178}.Debug|iPhone.Deploy.0 = Debug|Any CPU
		{01D58023-13AA-4DB2-A890-643C7C6A2178}.Debug|iPhoneSimulator.ActiveCfg = Debug|Any CPU
		{01D58023-13AA-4DB2-A890-643C7C6A2178}.Debug|iPhoneSimulator.Build.0 = Debug|Any CPU
		{01D58023-13AA-4DB2-A890-643C7C6A2178}.Debug|iPhoneSimulator.Deploy.0 = Debug|Any CPU
		{01D58023-13AA-4DB2-A890-643C7C6A2178}.Debug|x64.ActiveCfg = Debug|Any CPU
		{01D58023-13AA-4DB2-A890-643C7C6A2178}.Debug|x64.Build.0 = Debug|Any CPU
		{01D58023-13AA-4DB2-A890-643C7C6A2178}.Debug|x64.Deploy.0 = Debug|Any CPU
		{01D58023-13AA-4DB2-A890-643C7C6A2178}.Debug|x86.ActiveCfg = Debug|Any CPU
		{01D58023-13AA-4DB2-A890-643C7C6A2178}.Debug|x86.Build.0 = Debug|Any CPU
		{01D58023-13AA-4DB2-A890-643C7C6A2178}.Debug|x86.Deploy.0 = Debug|Any CPU
		{01D58023-13AA-4DB2-A890-643C7C6A2178}.Release|Any CPU.ActiveCfg = Release|Any CPU
		{01D58023-13AA-4DB2-A890-643C7C6A2178}.Release|Any CPU.Build.0 = Release|Any CPU
		{01D58023-13AA-4DB2-A890-643C7C6A2178}.Release|Any CPU.Deploy.0 = Release|Any CPU
		{01D58023-13AA-4DB2-A890-643C7C6A2178}.Release|ARM.ActiveCfg = Release|Any CPU
		{01D58023-13AA-4DB2-A890-643C7C6A2178}.Release|ARM.Build.0 = Release|Any CPU
		{01D58023-13AA-4DB2-A890-643C7C6A2178}.Release|ARM.Deploy.0 = Release|Any CPU
		{01D58023-13AA-4DB2-A890-643C7C6A2178}.Release|iPhone.ActiveCfg = Release|Any CPU
		{01D58023-13AA-4DB2-A890-643C7C6A2178}.Release|iPhone.Build.0 = Release|Any CPU
		{01D58023-13AA-4DB2-A890-643C7C6A2178}.Release|iPhone.Deploy.0 = Release|Any CPU
		{01D58023-13AA-4DB2-A890-643C7C6A2178}.Release|iPhoneSimulator.ActiveCfg = Release|Any CPU
		{01D58023-13AA-4DB2-A890-643C7C6A2178}.Release|iPhoneSimulator.Build.0 = Release|Any CPU
		{01D58023-13AA-4DB2-A890-643C7C6A2178}.Release|iPhoneSimulator.Deploy.0 = Release|Any CPU
		{01D58023-13AA-4DB2-A890-643C7C6A2178}.Release|x64.ActiveCfg = Release|Any CPU
		{01D58023-13AA-4DB2-A890-643C7C6A2178}.Release|x64.Build.0 = Release|Any CPU
		{01D58023-13AA-4DB2-A890-643C7C6A2178}.Release|x64.Deploy.0 = Release|Any CPU
		{01D58023-13AA-4DB2-A890-643C7C6A2178}.Release|x86.ActiveCfg = Release|Any CPU
		{01D58023-13AA-4DB2-A890-643C7C6A2178}.Release|x86.Build.0 = Release|Any CPU
		{01D58023-13AA-4DB2-A890-643C7C6A2178}.Release|x86.Deploy.0 = Release|Any CPU
		{56E93C08-7603-4511-95AA-370E175655F0}.Debug|Any CPU.ActiveCfg = Debug|iPhoneSimulator
		{56E93C08-7603-4511-95AA-370E175655F0}.Debug|Any CPU.Build.0 = Debug|iPhoneSimulator
		{56E93C08-7603-4511-95AA-370E175655F0}.Debug|Any CPU.Deploy.0 = Debug|iPhoneSimulator
		{56E93C08-7603-4511-95AA-370E175655F0}.Debug|ARM.ActiveCfg = Debug|iPhone
		{56E93C08-7603-4511-95AA-370E175655F0}.Debug|ARM.Build.0 = Debug|iPhone
		{56E93C08-7603-4511-95AA-370E175655F0}.Debug|ARM.Deploy.0 = Debug|iPhone
		{56E93C08-7603-4511-95AA-370E175655F0}.Debug|iPhone.ActiveCfg = Debug|iPhone
		{56E93C08-7603-4511-95AA-370E175655F0}.Debug|iPhone.Build.0 = Debug|iPhone
		{56E93C08-7603-4511-95AA-370E175655F0}.Debug|iPhone.Deploy.0 = Debug|iPhone
		{56E93C08-7603-4511-95AA-370E175655F0}.Debug|iPhoneSimulator.ActiveCfg = Debug|iPhoneSimulator
		{56E93C08-7603-4511-95AA-370E175655F0}.Debug|iPhoneSimulator.Build.0 = Debug|iPhoneSimulator
		{56E93C08-7603-4511-95AA-370E175655F0}.Debug|iPhoneSimulator.Deploy.0 = Debug|iPhoneSimulator
		{56E93C08-7603-4511-95AA-370E175655F0}.Debug|x64.ActiveCfg = Debug|iPhoneSimulator
		{56E93C08-7603-4511-95AA-370E175655F0}.Debug|x64.Build.0 = Debug|iPhoneSimulator
		{56E93C08-7603-4511-95AA-370E175655F0}.Debug|x64.Deploy.0 = Debug|iPhoneSimulator
		{56E93C08-7603-4511-95AA-370E175655F0}.Debug|x86.ActiveCfg = Debug|iPhoneSimulator
		{56E93C08-7603-4511-95AA-370E175655F0}.Debug|x86.Build.0 = Debug|iPhoneSimulator
		{56E93C08-7603-4511-95AA-370E175655F0}.Debug|x86.Deploy.0 = Debug|iPhoneSimulator
		{56E93C08-7603-4511-95AA-370E175655F0}.Release|Any CPU.ActiveCfg = Release|iPhoneSimulator
		{56E93C08-7603-4511-95AA-370E175655F0}.Release|Any CPU.Build.0 = Release|iPhoneSimulator
		{56E93C08-7603-4511-95AA-370E175655F0}.Release|Any CPU.Deploy.0 = Release|iPhoneSimulator
		{56E93C08-7603-4511-95AA-370E175655F0}.Release|ARM.ActiveCfg = Release|iPhoneSimulator
		{56E93C08-7603-4511-95AA-370E175655F0}.Release|ARM.Build.0 = Release|iPhoneSimulator
		{56E93C08-7603-4511-95AA-370E175655F0}.Release|ARM.Deploy.0 = Release|iPhoneSimulator
		{56E93C08-7603-4511-95AA-370E175655F0}.Release|iPhone.ActiveCfg = Release|iPhone
		{56E93C08-7603-4511-95AA-370E175655F0}.Release|iPhone.Build.0 = Release|iPhone
		{56E93C08-7603-4511-95AA-370E175655F0}.Release|iPhone.Deploy.0 = Release|iPhone
		{56E93C08-7603-4511-95AA-370E175655F0}.Release|iPhoneSimulator.ActiveCfg = Release|iPhoneSimulator
		{56E93C08-7603-4511-95AA-370E175655F0}.Release|iPhoneSimulator.Build.0 = Release|iPhoneSimulator
		{56E93C08-7603-4511-95AA-370E175655F0}.Release|iPhoneSimulator.Deploy.0 = Release|iPhoneSimulator
		{56E93C08-7603-4511-95AA-370E175655F0}.Release|x64.ActiveCfg = Release|iPhoneSimulator
		{56E93C08-7603-4511-95AA-370E175655F0}.Release|x64.Build.0 = Release|iPhoneSimulator
		{56E93C08-7603-4511-95AA-370E175655F0}.Release|x64.Deploy.0 = Release|iPhoneSimulator
		{56E93C08-7603-4511-95AA-370E175655F0}.Release|x86.ActiveCfg = Release|iPhoneSimulator
		{56E93C08-7603-4511-95AA-370E175655F0}.Release|x86.Build.0 = Release|iPhoneSimulator
		{56E93C08-7603-4511-95AA-370E175655F0}.Release|x86.Deploy.0 = Release|iPhoneSimulator
		{0BF4E79A-F65F-4170-8587-C6FA464A9859}.Debug|Any CPU.ActiveCfg = Debug|Any CPU
		{0BF4E79A-F65F-4170-8587-C6FA464A9859}.Debug|Any CPU.Build.0 = Debug|Any CPU
		{0BF4E79A-F65F-4170-8587-C6FA464A9859}.Debug|Any CPU.Deploy.0 = Debug|Any CPU
		{0BF4E79A-F65F-4170-8587-C6FA464A9859}.Debug|ARM.ActiveCfg = Debug|Any CPU
		{0BF4E79A-F65F-4170-8587-C6FA464A9859}.Debug|ARM.Build.0 = Debug|Any CPU
		{0BF4E79A-F65F-4170-8587-C6FA464A9859}.Debug|ARM.Deploy.0 = Debug|Any CPU
		{0BF4E79A-F65F-4170-8587-C6FA464A9859}.Debug|iPhone.ActiveCfg = Debug|Any CPU
		{0BF4E79A-F65F-4170-8587-C6FA464A9859}.Debug|iPhone.Build.0 = Debug|Any CPU
		{0BF4E79A-F65F-4170-8587-C6FA464A9859}.Debug|iPhone.Deploy.0 = Debug|Any CPU
		{0BF4E79A-F65F-4170-8587-C6FA464A9859}.Debug|iPhoneSimulator.ActiveCfg = Debug|Any CPU
		{0BF4E79A-F65F-4170-8587-C6FA464A9859}.Debug|iPhoneSimulator.Build.0 = Debug|Any CPU
		{0BF4E79A-F65F-4170-8587-C6FA464A9859}.Debug|iPhoneSimulator.Deploy.0 = Debug|Any CPU
		{0BF4E79A-F65F-4170-8587-C6FA464A9859}.Debug|x64.ActiveCfg = Debug|Any CPU
		{0BF4E79A-F65F-4170-8587-C6FA464A9859}.Debug|x64.Build.0 = Debug|Any CPU
		{0BF4E79A-F65F-4170-8587-C6FA464A9859}.Debug|x64.Deploy.0 = Debug|Any CPU
		{0BF4E79A-F65F-4170-8587-C6FA464A9859}.Debug|x86.ActiveCfg = Debug|Any CPU
		{0BF4E79A-F65F-4170-8587-C6FA464A9859}.Debug|x86.Build.0 = Debug|Any CPU
		{0BF4E79A-F65F-4170-8587-C6FA464A9859}.Debug|x86.Deploy.0 = Debug|Any CPU
		{0BF4E79A-F65F-4170-8587-C6FA464A9859}.Release|Any CPU.ActiveCfg = Release|Any CPU
		{0BF4E79A-F65F-4170-8587-C6FA464A9859}.Release|Any CPU.Build.0 = Release|Any CPU
		{0BF4E79A-F65F-4170-8587-C6FA464A9859}.Release|Any CPU.Deploy.0 = Release|Any CPU
		{0BF4E79A-F65F-4170-8587-C6FA464A9859}.Release|ARM.ActiveCfg = Release|Any CPU
		{0BF4E79A-F65F-4170-8587-C6FA464A9859}.Release|ARM.Build.0 = Release|Any CPU
		{0BF4E79A-F65F-4170-8587-C6FA464A9859}.Release|ARM.Deploy.0 = Release|Any CPU
		{0BF4E79A-F65F-4170-8587-C6FA464A9859}.Release|iPhone.ActiveCfg = Release|Any CPU
		{0BF4E79A-F65F-4170-8587-C6FA464A9859}.Release|iPhone.Build.0 = Release|Any CPU
		{0BF4E79A-F65F-4170-8587-C6FA464A9859}.Release|iPhone.Deploy.0 = Release|Any CPU
		{0BF4E79A-F65F-4170-8587-C6FA464A9859}.Release|iPhoneSimulator.ActiveCfg = Release|Any CPU
		{0BF4E79A-F65F-4170-8587-C6FA464A9859}.Release|iPhoneSimulator.Build.0 = Release|Any CPU
		{0BF4E79A-F65F-4170-8587-C6FA464A9859}.Release|iPhoneSimulator.Deploy.0 = Release|Any CPU
		{0BF4E79A-F65F-4170-8587-C6FA464A9859}.Release|x64.ActiveCfg = Release|Any CPU
		{0BF4E79A-F65F-4170-8587-C6FA464A9859}.Release|x64.Build.0 = Release|Any CPU
		{0BF4E79A-F65F-4170-8587-C6FA464A9859}.Release|x64.Deploy.0 = Release|Any CPU
		{0BF4E79A-F65F-4170-8587-C6FA464A9859}.Release|x86.ActiveCfg = Release|Any CPU
		{0BF4E79A-F65F-4170-8587-C6FA464A9859}.Release|x86.Build.0 = Release|Any CPU
		{0BF4E79A-F65F-4170-8587-C6FA464A9859}.Release|x86.Deploy.0 = Release|Any CPU
	EndGlobalSection
	GlobalSection(SolutionProperties) = preSolution
		HideSolutionNode = FALSE
	EndGlobalSection
	GlobalSection(ExtensibilityGlobals) = postSolution
		SolutionGuid = {AC325C7A-F542-49E6-BAD6-9758FF910526}
	EndGlobalSection
EndGlobal
